
Microsoft Visual Studio Solution File, Format Version 12.00
# Visual Studio Version 16
VisualStudioVersion = 16.0.30128.74
MinimumVisualStudioVersion = 10.0.40219.1
Project("{8BC9CEB8-8B4A-11D0-8D11-00A0C91BC942}") = "3DX", "3DX\3DX.vcxproj", "{A36885CD-39F1-4EB6-8301-325773CB2D7C}"
EndProject
Project("{8BC9CEB8-8B4A-11D0-8D11-00A0C91BC942}") = "Vendor", "Vendor\Vendor.vcxitems", "{155B1C24-520E-447A-99A2-74A607CCF400}"
EndProject
Project("{8BC9CEB8-8B4A-11D0-8D11-00A0C91BC942}") = "Shaders", "Shaders\Shaders.vcxitems", "{C01A28F1-339A-401F-91B7-52F061EE4EC7}"
EndProject
Project("{2150E333-8FDC-42A3-9474-1A3956D46DE8}") = "Solution Items", "Solution Items", "{A95FE659-69B2-4816-84FB-C8699220C00A}"
	ProjectSection(SolutionItems) = preProject
		.gitattributes = .gitattributes
		.gitignore = .gitignore
		README.md = README.md
	EndProjectSection
EndProject
Global
	GlobalSection(SharedMSBuildProjectFiles) = preSolution
		Vendor\Vendor.vcxitems*{155b1c24-520e-447a-99a2-74a607ccf400}*SharedItemsImports = 9
		Shaders\Shaders.vcxitems*{a36885cd-39f1-4eb6-8301-325773cb2d7c}*SharedItemsImports = 4
		Vendor\Vendor.vcxitems*{a36885cd-39f1-4eb6-8301-325773cb2d7c}*SharedItemsImports = 4
		Shaders\Shaders.vcxitems*{c01a28f1-339a-401f-91b7-52f061ee4ec7}*SharedItemsImports = 9
	EndGlobalSection
	GlobalSection(SolutionConfigurationPlatforms) = preSolution
		Debug|x64 = Debug|x64
		Debug|x86 = Debug|x86
		Release|x64 = Release|x64
		Release|x86 = Release|x86
	EndGlobalSection
	GlobalSection(ProjectConfigurationPlatforms) = postSolution
		{A36885CD-39F1-4EB6-8301-325773CB2D7C}.Debug|x64.ActiveCfg = Debug|x64
		{A36885CD-39F1-4EB6-8301-325773CB2D7C}.Debug|x64.Build.0 = Debug|x64
		{A36885CD-39F1-4EB6-8301-325773CB2D7C}.Debug|x86.ActiveCfg = Debug|Win32
		{A36885CD-39F1-4EB6-8301-325773CB2D7C}.Debug|x86.Build.0 = Debug|Win32
		{A36885CD-39F1-4EB6-8301-325773CB2D7C}.Release|x64.ActiveCfg = Release|x64
		{A36885CD-39F1-4EB6-8301-325773CB2D7C}.Release|x64.Build.0 = Release|x64
		{A36885CD-39F1-4EB6-8301-325773CB2D7C}.Release|x86.ActiveCfg = Release|Win32
		{A36885CD-39F1-4EB6-8301-325773CB2D7C}.Release|x86.Build.0 = Release|Win32
	EndGlobalSection
	GlobalSection(SolutionProperties) = preSolution
		HideSolutionNode = FALSE
	EndGlobalSection
	GlobalSection(ExtensibilityGlobals) = postSolution
		SolutionGuid = {28915A40-4DC9-41D8-893B-FDEA69F5E132}
	EndGlobalSection
EndGlobal
